PODS:
  - UCAppDelegateReduce (1.0):
    - UCRuntimeKit
  - UCRuntimeKit (1.1.3):
    - UCRuntimeKit/Others (= 1.1.3)
    - UCRuntimeKit/UCMediatorObjc (= 1.1.3)
    - UCRuntimeKit/UCMediatorSwift (= 1.1.3)
  - UCRuntimeKit/Others (1.1.3)
  - UCRuntimeKit/UCMediatorObjc (1.1.3):
    - UCRuntimeKit/Others
  - UCRuntimeKit/UCMediatorSwift (1.1.3):
    - UCRuntimeKit/UCMediatorObjc

DEPENDENCIES:
  - UCAppDelegateReduce (from `../`)

SPEC REPOS:
  https://github.com/cocoapods/specs.git:
    - UCRuntimeKit

EXTERNAL SOURCES:
  UCAppDelegateReduce:
    :path: "../"

SPEC CHECKSUMS:
  UCAppDelegateReduce: af0ba0e9742b522f05822ed3281e3bd755aefc86
  UCRuntimeKit: 8eb01fac38bd578a06dfd0993279d41fb3bc3830

PODFILE CHECKSUM: cd64145f99d6d26d24f9742b3cefe2a36908e4f8

COCOAPODS: 1.5.3
