// !$*UTF8*$!
{
	archiveVersion = 1;
	classes = {
	};
	objectVersion = 50;
	objects = {

/* Begin PBXBuildFile section */
		3B281C6C221461FF0040DB7B /* AppDelegate.swift in Sources */ = {isa = PBXBuildFile; fileRef = 3B281C6B221461FF0040DB7B /* AppDelegate.swift */; };
		3B281C6E221461FF0040DB7B /* ViewController.swift in Sources */ = {isa = PBXBuildFile; fileRef = 3B281C6D221461FF0040DB7B /* ViewController.swift */; };
		3B281C71221461FF0040DB7B /* Main.storyboard in Resources */ = {isa = PBXBuildFile; fileRef = 3B281C6F221461FF0040DB7B /* Main.storyboard */; };
		3B281C73221462000040DB7B /* Assets.xcassets in Resources */ = {isa = PBXBuildFile; fileRef = 3B281C72221462000040DB7B /* Assets.xcassets */; };
		3B281C76221462000040DB7B /* LaunchScreen.storyboard in Resources */ = {isa = PBXBuildFile; fileRef = 3B281C74221462000040DB7B /* LaunchScreen.storyboard */; };
		3B281C82221464A50040DB7B /* AppDelegateExchanger.m in Sources */ = {isa = PBXBuildFile; fileRef = 3B281C81221464A50040DB7B /* AppDelegateExchanger.m */; };
		3B281C84221464E90040DB7B /* SwiftModule1AppDelegate.swift in Sources */ = {isa = PBXBuildFile; fileRef = 3B281C83221464E90040DB7B /* SwiftModule1AppDelegate.swift */; };
		3B281C86221464F80040DB7B /* SwiftModule2AppDelegate.swift in Sources */ = {isa = PBXBuildFile; fileRef = 3B281C85221464F80040DB7B /* SwiftModule2AppDelegate.swift */; };
		9A6371B1233F8856DB9D1C0B /* Pods_SwiftExample.framework in Frameworks */ = {isa = PBXBuildFile; fileRef = CE28A7912A89A13DF7C05073 /* Pods_SwiftExample.framework */; };
/* End PBXBuildFile section */

/* Begin PBXFileReference section */
		3B281C68221461FF0040DB7B /* SwiftExample.app */ = {isa = PBXFileReference; explicitFileType = wrapper.application; includeInIndex = 0; path = SwiftExample.app; sourceTree = BUILT_PRODUCTS_DIR; };
		3B281C6B221461FF0040DB7B /* AppDelegate.swift */ = {isa = PBXFileReference; lastKnownFileType = sourcecode.swift; path = AppDelegate.swift; sourceTree = "<group>"; };
		3B281C6D221461FF0040DB7B /* ViewController.swift */ = {isa = PBXFileReference; lastKnownFileType = sourcecode.swift; path = ViewController.swift; sourceTree = "<group>"; };
		3B281C70221461FF0040DB7B /* Base */ = {isa = PBXFileReference; lastKnownFileType = file.storyboard; name = Base; path = Base.lproj/Main.storyboard; sourceTree = "<group>"; };
		3B281C72221462000040DB7B /* Assets.xcassets */ = {isa = PBXFileReference; lastKnownFileType = folder.assetcatalog; path = Assets.xcassets; sourceTree = "<group>"; };
		3B281C75221462000040DB7B /* Base */ = {isa = PBXFileReference; lastKnownFileType = file.storyboard; name = Base; path = Base.lproj/LaunchScreen.storyboard; sourceTree = "<group>"; };
		3B281C77221462000040DB7B /* Info.plist */ = {isa = PBXFileReference; lastKnownFileType = text.plist.xml; path = Info.plist; sourceTree = "<group>"; };
		3B281C7F221464A40040DB7B /* SwiftExample-Bridging-Header.h */ = {isa = PBXFileReference; lastKnownFileType = sourcecode.c.h; path = "SwiftExample-Bridging-Header.h"; sourceTree = "<group>"; };
		3B281C80221464A50040DB7B /* AppDelegateExchanger.h */ = {isa = PBXFileReference; lastKnownFileType = sourcecode.c.h; path = AppDelegateExchanger.h; sourceTree = "<group>"; };
		3B281C81221464A50040DB7B /* AppDelegateExchanger.m */ = {isa = PBXFileReference; lastKnownFileType = sourcecode.c.objc; path = AppDelegateExchanger.m; sourceTree = "<group>"; };
		3B281C83221464E90040DB7B /* SwiftModule1AppDelegate.swift */ = {isa = PBXFileReference; lastKnownFileType = sourcecode.swift; path = SwiftModule1AppDelegate.swift; sourceTree = "<group>"; };
		3B281C85221464F80040DB7B /* SwiftModule2AppDelegate.swift */ = {isa = PBXFileReference; lastKnownFileType = sourcecode.swift; path = SwiftModule2AppDelegate.swift; sourceTree = "<group>"; };
		7C3A2964B9A4470FEFFD7677 /* Pods-SwiftExample.debug.xcconfig */ = {isa = PBXFileReference; includeInIndex = 1; lastKnownFileType = text.xcconfig; name = "Pods-SwiftExample.debug.xcconfig"; path = "Pods/Target Support Files/Pods-SwiftExample/Pods-SwiftExample.debug.xcconfig"; sourceTree = "<group>"; };
		A84DAEB99A77B823004A6D49 /* Pods-SwiftExample.release.xcconfig */ = {isa = PBXFileReference; includeInIndex = 1; lastKnownFileType = text.xcconfig; name = "Pods-SwiftExample.release.xcconfig"; path = "Pods/Target Support Files/Pods-SwiftExample/Pods-SwiftExample.release.xcconfig"; sourceTree = "<group>"; };
		CE28A7912A89A13DF7C05073 /* Pods_SwiftExample.framework */ = {isa = PBXFileReference; explicitFileType = wrapper.framework; includeInIndex = 0; path = Pods_SwiftExample.framework; sourceTree = BUILT_PRODUCTS_DIR; };
/* End PBXFileReference section */

/* Begin PBXFrameworksBuildPhase section */
		3B281C65221461FF0040DB7B /* Frameworks */ = {
			isa = PBXFrameworksBuildPhase;
			buildActionMask = 2147483647;
			files = (
				9A6371B1233F8856DB9D1C0B /* Pods_SwiftExample.framework in Frameworks */,
			);
			runOnlyForDeploymentPostprocessing = 0;
		};
/* End PBXFrameworksBuildPhase section */

/* Begin PBXGroup section */
		3B281C5F221461FF0040DB7B = {
			isa = PBXGroup;
			children = (
				3B281C6A221461FF0040DB7B /* SwiftExample */,
				3B281C69221461FF0040DB7B /* Products */,
				8DC36AD3140BA5C0C3B7DD73 /* Pods */,
				6FD1928B4614F10C3AF6DCE2 /* Frameworks */,
			);
			sourceTree = "<group>";
		};
		3B281C69221461FF0040DB7B /* Products */ = {
			isa = PBXGroup;
			children = (
				3B281C68221461FF0040DB7B /* SwiftExample.app */,
			);
			name = Products;
			sourceTree = "<group>";
		};
		3B281C6A221461FF0040DB7B /* SwiftExample */ = {
			isa = PBXGroup;
			children = (
				3B281C7D221464780040DB7B /* SwiftModule1 */,
				3B281C7E221464780040DB7B /* SwiftModule2 */,
				3B281C6B221461FF0040DB7B /* AppDelegate.swift */,
				3B281C6D221461FF0040DB7B /* ViewController.swift */,
				3B281C80221464A50040DB7B /* AppDelegateExchanger.h */,
				3B281C81221464A50040DB7B /* AppDelegateExchanger.m */,
				3B281C6F221461FF0040DB7B /* Main.storyboard */,
				3B281C72221462000040DB7B /* Assets.xcassets */,
				3B281C74221462000040DB7B /* LaunchScreen.storyboard */,
				3B281C77221462000040DB7B /* Info.plist */,
				3B281C7F221464A40040DB7B /* SwiftExample-Bridging-Header.h */,
			);
			path = SwiftExample;
			sourceTree = "<group>";
		};
		3B281C7D221464780040DB7B /* SwiftModule1 */ = {
			isa = PBXGroup;
			children = (
				3B281C83221464E90040DB7B /* SwiftModule1AppDelegate.swift */,
			);
			path = SwiftModule1;
			sourceTree = "<group>";
		};
		3B281C7E221464780040DB7B /* SwiftModule2 */ = {
			isa = PBXGroup;
			children = (
				3B281C85221464F80040DB7B /* SwiftModule2AppDelegate.swift */,
			);
			path = SwiftModule2;
			sourceTree = "<group>";
		};
		6FD1928B4614F10C3AF6DCE2 /* Frameworks */ = {
			isa = PBXGroup;
			children = (
				CE28A7912A89A13DF7C05073 /* Pods_SwiftExample.framework */,
			);
			name = Frameworks;
			sourceTree = "<group>";
		};
		8DC36AD3140BA5C0C3B7DD73 /* Pods */ = {
			isa = PBXGroup;
			children = (
				7C3A2964B9A4470FEFFD7677 /* Pods-SwiftExample.debug.xcconfig */,
				A84DAEB99A77B823004A6D49 /* Pods-SwiftExample.release.xcconfig */,
			);
			name = Pods;
			sourceTree = "<group>";
		};
/* End PBXGroup section */

/* Begin PBXNativeTarget section */
		3B281C67221461FF0040DB7B /* SwiftExample */ = {
			isa = PBXNativeTarget;
			buildConfigurationList = 3B281C7A221462000040DB7B /* Build configuration list for PBXNativeTarget "SwiftExample" */;
			buildPhases = (
				8AFCD4A55C69269993159D61 /* [CP] Check Pods Manifest.lock */,
				3B281C64221461FF0040DB7B /* Sources */,
				3B281C65221461FF0040DB7B /* Frameworks */,
				3B281C66221461FF0040DB7B /* Resources */,
				D57E9D73707385C64C26058E /* [CP] Embed Pods Frameworks */,
			);
			buildRules = (
			);
			dependencies = (
			);
			name = SwiftExample;
			productName = SwiftExample;
			productReference = 3B281C68221461FF0040DB7B /* SwiftExample.app */;
			productType = "com.apple.product-type.application";
		};
/* End PBXNativeTarget section */

/* Begin PBXProject section */
		3B281C60221461FF0040DB7B /* Project object */ = {
			isa = PBXProject;
			attributes = {
				LastSwiftUpdateCheck = 1010;
				LastUpgradeCheck = 1010;
				ORGANIZATIONNAME = Link;
				TargetAttributes = {
					3B281C67221461FF0040DB7B = {
						CreatedOnToolsVersion = 10.1;
						LastSwiftMigration = 1010;
					};
				};
			};
			buildConfigurationList = 3B281C63221461FF0040DB7B /* Build configuration list for PBXProject "SwiftExample" */;
			compatibilityVersion = "Xcode 9.3";
			developmentRegion = en;
			hasScannedForEncodings = 0;
			knownRegions = (
				en,
				Base,
			);
			mainGroup = 3B281C5F221461FF0040DB7B;
			productRefGroup = 3B281C69221461FF0040DB7B /* Products */;
			projectDirPath = "";
			projectRoot = "";
			targets = (
				3B281C67221461FF0040DB7B /* SwiftExample */,
			);
		};
/* End PBXProject section */

/* Begin PBXResourcesBuildPhase section */
		3B281C66221461FF0040DB7B /* Resources */ = {
			isa = PBXResourcesBuildPhase;
			buildActionMask = 2147483647;
			files = (
				3B281C76221462000040DB7B /* LaunchScreen.storyboard in Resources */,
				3B281C73221462000040DB7B /* Assets.xcassets in Resources */,
				3B281C71221461FF0040DB7B /* Main.storyboard in Resources */,
			);
			runOnlyForDeploymentPostprocessing = 0;
		};
/* End PBXResourcesBuildPhase section */

/* Begin PBXShellScriptBuildPhase section */
		8AFCD4A55C69269993159D61 /* [CP] Check Pods Manifest.lock */ = {
			isa = PBXShellScriptBuildPhase;
			buildActionMask = 2147483647;
			files = (
			);
			inputFileListPaths = (
			);
			inputPaths = (
				"${PODS_PODFILE_DIR_PATH}/Podfile.lock",
				"${PODS_ROOT}/Manifest.lock",
			);
			name = "[CP] Check Pods Manifest.lock";
			outputFileListPaths = (
			);
			outputPaths = (
				"$(DERIVED_FILE_DIR)/Pods-SwiftExample-checkManifestLockResult.txt",
			);
			runOnlyForDeploymentPostprocessing = 0;
			shellPath = /bin/sh;
			shellScript = "diff \"${PODS_PODFILE_DIR_PATH}/Podfile.lock\" \"${PODS_ROOT}/Manifest.lock\" > /dev/null\nif [ $? != 0 ] ; then\n    # print error to STDERR\n    echo \"error: The sandbox is not in sync with the Podfile.lock. Run 'pod install' or update your CocoaPods installation.\" >&2\n    exit 1\nfi\n# This output is used by Xcode 'outputs' to avoid re-running this script phase.\necho \"SUCCESS\" > \"${SCRIPT_OUTPUT_FILE_0}\"\n";
			showEnvVarsInLog = 0;
		};
		D57E9D73707385C64C26058E /* [CP] Embed Pods Frameworks */ = {
			isa = PBXShellScriptBuildPhase;
			buildActionMask = 2147483647;
			files = (
			);
			inputFileListPaths = (
			);
			inputPaths = (
				"${SRCROOT}/Pods/Target Support Files/Pods-SwiftExample/Pods-SwiftExample-frameworks.sh",
				"${BUILT_PRODUCTS_DIR}/UCAppDelegateReduce/UCAppDelegateReduce.framework",
				"${BUILT_PRODUCTS_DIR}/UCRuntimeKit/UCRuntimeKit.framework",
			);
			name = "[CP] Embed Pods Frameworks";
			outputFileListPaths = (
			);
			outputPaths = (
				"${TARGET_BUILD_DIR}/${FRAMEWORKS_FOLDER_PATH}/UCAppDelegateReduce.framework",
				"${TARGET_BUILD_DIR}/${FRAMEWORKS_FOLDER_PATH}/UCRuntimeKit.framework",
			);
			runOnlyForDeploymentPostprocessing = 0;
			shellPath = /bin/sh;
			shellScript = "\"${SRCROOT}/Pods/Target Support Files/Pods-SwiftExample/Pods-SwiftExample-frameworks.sh\"\n";
			showEnvVarsInLog = 0;
		};
/* End PBXShellScriptBuildPhase section */

/* Begin PBXSourcesBuildPhase section */
		3B281C64221461FF0040DB7B /* Sources */ = {
			isa = PBXSourcesBuildPhase;
			buildActionMask = 2147483647;
			files = (
				3B281C84221464E90040DB7B /* SwiftModule1AppDelegate.swift in Sources */,
				3B281C86221464F80040DB7B /* SwiftModule2AppDelegate.swift in Sources */,
				3B281C6E221461FF0040DB7B /* ViewController.swift in Sources */,
				3B281C82221464A50040DB7B /* AppDelegateExchanger.m in Sources */,
				3B281C6C221461FF0040DB7B /* AppDelegate.swift in Sources */,
			);
			runOnlyForDeploymentPostprocessing = 0;
		};
/* End PBXSourcesBuildPhase section */

/* Begin PBXVariantGroup section */
		3B281C6F221461FF0040DB7B /* Main.storyboard */ = {
			isa = PBXVariantGroup;
			children = (
				3B281C70221461FF0040DB7B /* Base */,
			);
			name = Main.storyboard;
			sourceTree = "<group>";
		};
		3B281C74221462000040DB7B /* LaunchScreen.storyboard */ = {
			isa = PBXVariantGroup;
			children = (
				3B281C75221462000040DB7B /* Base */,
			);
			name = LaunchScreen.storyboard;
			sourceTree = "<group>";
		};
/* End PBXVariantGroup section */

/* Begin XCBuildConfiguration section */
		3B281C78221462000040DB7B /* Debug */ = {
			isa = XCBuildConfiguration;
			buildSettings = {
				ALWAYS_SEARCH_USER_PATHS = NO;
				CLANG_ANALYZER_NONNULL = YES;
				CLANG_ANALYZER_NUMBER_OBJECT_CONVERSION = YES_AGGRESSIVE;
				CLANG_CXX_LANGUAGE_STANDARD = "gnu++14";
				CLANG_CXX_LIBRARY = "libc++";
				CLANG_ENABLE_MODULES = YES;
				CLANG_ENABLE_OBJC_ARC = YES;
				CLANG_ENABLE_OBJC_WEAK = YES;
				CLANG_WARN_BLOCK_CAPTURE_AUTORELEASING = YES;
				CLANG_WARN_BOOL_CONVERSION = YES;
				CLANG_WARN_COMMA = YES;
				CLANG_WARN_CONSTANT_CONVERSION = YES;
				CLANG_WARN_DEPRECATED_OBJC_IMPLEMENTATIONS = YES;
				CLANG_WARN_DIRECT_OBJC_ISA_USAGE = YES_ERROR;
				CLANG_WARN_DOCUMENTATION_COMMENTS = YES;
				CLANG_WARN_EMPTY_BODY = YES;
				CLANG_WARN_ENUM_CONVERSION = YES;
				CLANG_WARN_INFINITE_RECURSION = YES;
				CLANG_WARN_INT_CONVERSION = YES;
				CLANG_WARN_NON_LITERAL_NULL_CONVERSION = YES;
				CLANG_WARN_OBJC_IMPLICIT_RETAIN_SELF = YES;
				CLANG_WARN_OBJC_LITERAL_CONVERSION = YES;
				CLANG_WARN_OBJC_ROOT_CLASS = YES_ERROR;
				CLANG_WARN_RANGE_LOOP_ANALYSIS = YES;
				CLANG_WARN_STRICT_PROTOTYPES = YES;
				CLANG_WARN_SUSPICIOUS_MOVE = YES;
				CLANG_WARN_UNGUARDED_AVAILABILITY = YES_AGGRESSIVE;
				CLANG_WARN_UNREACHABLE_CODE = YES;
				CLANG_WARN__DUPLICATE_METHOD_MATCH = YES;
				CODE_SIGN_IDENTITY = "iPhone Developer";
				COPY_PHASE_STRIP = NO;
				DEBUG_INFORMATION_FORMAT = dwarf;
				ENABLE_STRICT_OBJC_MSGSEND = YES;
				ENABLE_TESTABILITY = YES;
				GCC_C_LANGUAGE_STANDARD = gnu11;
				GCC_DYNAMIC_NO_PIC = NO;
				GCC_NO_COMMON_BLOCKS = YES;
				GCC_OPTIMIZATION_LEVEL = 0;
				GCC_PREPROCESSOR_DEFINITIONS = (
					"DEBUG=1",
					"$(inherited)",
				);
				GCC_WARN_64_TO_32_BIT_CONVERSION = YES;
				GCC_WARN_ABOUT_RETURN_TYPE = YES_ERROR;
				GCC_WARN_UNDECLARED_SELECTOR = YES;
				GCC_WARN_UNINITIALIZED_AUTOS = YES_AGGRESSIVE;
				GCC_WARN_UNUSED_FUNCTION = YES;
				GCC_WARN_UNUSED_VARIABLE = YES;
				IPHONEOS_DEPLOYMENT_TARGET = 12.1;
				MTL_ENABLE_DEBUG_INFO = INCLUDE_SOURCE;
				MTL_FAST_MATH = YES;
				ONLY_ACTIVE_ARCH = YES;
				SDKROOT = iphoneos;
				SWIFT_ACTIVE_COMPILATION_CONDITIONS = DEBUG;
				SWIFT_OPTIMIZATION_LEVEL = "-Onone";
			};
			name = Debug;
		};
		3B281C79221462000040DB7B /* Release */ = {
			isa = XCBuildConfiguration;
			buildSettings = {
				ALWAYS_SEARCH_USER_PATHS = NO;
				CLANG_ANALYZER_NONNULL = YES;
				CLANG_ANALYZER_NUMBER_OBJECT_CONVERSION = YES_AGGRESSIVE;
				CLANG_CXX_LANGUAGE_STANDARD = "gnu++14";
				CLANG_CXX_LIBRARY = "libc++";
				CLANG_ENABLE_MODULES = YES;
				CLANG_ENABLE_OBJC_ARC = YES;
				CLANG_ENABLE_OBJC_WEAK = YES;
				CLANG_WARN_BLOCK_CAPTURE_AUTORELEASING = YES;
				CLANG_WARN_BOOL_CONVERSION = YES;
				CLANG_WARN_COMMA = YES;
				CLANG_WARN_CONSTANT_CONVERSION = YES;
				CLANG_WARN_DEPRECATED_OBJC_IMPLEMENTATIONS = YES;
				CLANG_WARN_DIRECT_OBJC_ISA_USAGE = YES_ERROR;
				CLANG_WARN_DOCUMENTATION_COMMENTS = YES;
				CLANG_WARN_EMPTY_BODY = YES;
				CLANG_WARN_ENUM_CONVERSION = YES;
				CLANG_WARN_INFINITE_RECURSION = YES;
				CLANG_WARN_INT_CONVERSION = YES;
				CLANG_WARN_NON_LITERAL_NULL_CONVERSION = YES;
				CLANG_WARN_OBJC_IMPLICIT_RETAIN_SELF = YES;
				CLANG_WARN_OBJC_LITERAL_CONVERSION = YES;
				CLANG_WARN_OBJC_ROOT_CLASS = YES_ERROR;
				CLANG_WARN_RANGE_LOOP_ANALYSIS = YES;
				CLANG_WARN_STRICT_PROTOTYPES = YES;
				CLANG_WARN_SUSPICIOUS_MOVE = YES;
				CLANG_WARN_UNGUARDED_AVAILABILITY = YES_AGGRESSIVE;
				CLANG_WARN_UNREACHABLE_CODE = YES;
				CLANG_WARN__DUPLICATE_METHOD_MATCH = YES;
				CODE_SIGN_IDENTITY = "iPhone Developer";
				COPY_PHASE_STRIP = NO;
				DEBUG_INFORMATION_FORMAT = "dwarf-with-dsym";
				ENABLE_NS_ASSERTIONS = NO;
				ENABLE_STRICT_OBJC_MSGSEND = YES;
				GCC_C_LANGUAGE_STANDARD = gnu11;
				GCC_NO_COMMON_BLOCKS = YES;
				GCC_WARN_64_TO_32_BIT_CONVERSION = YES;
				GCC_WARN_ABOUT_RETURN_TYPE = YES_ERROR;
				GCC_WARN_UNDECLARED_SELECTOR = YES;
				GCC_WARN_UNINITIALIZED_AUTOS = YES_AGGRESSIVE;
				GCC_WARN_UNUSED_FUNCTION = YES;
				GCC_WARN_UNUSED_VARIABLE = YES;
				IPHONEOS_DEPLOYMENT_TARGET = 12.1;
				MTL_ENABLE_DEBUG_INFO = NO;
				MTL_FAST_MATH = YES;
				SDKROOT = iphoneos;
				SWIFT_COMPILATION_MODE = wholemodule;
				SWIFT_OPTIMIZATION_LEVEL = "-O";
				VALIDATE_PRODUCT = YES;
			};
			name = Release;
		};
		3B281C7B221462000040DB7B /* Debug */ = {
			isa = XCBuildConfiguration;
			baseConfigurationReference = 7C3A2964B9A4470FEFFD7677 /* Pods-SwiftExample.debug.xcconfig */;
			buildSettings = {
				ASSETCATALOG_COMPILER_APPICON_NAME = AppIcon;
				CLANG_ENABLE_MODULES = YES;
				CODE_SIGN_STYLE = Automatic;
				INFOPLIST_FILE = SwiftExample/Info.plist;
				LD_RUNPATH_SEARCH_PATHS = (
					"$(inherited)",
					"@executable_path/Frameworks",
				);
				PRODUCT_BUNDLE_IDENTIFIER = com.Link.SwiftExample;
				PRODUCT_NAME = "$(TARGET_NAME)";
				SWIFT_OBJC_BRIDGING_HEADER = "SwiftExample/SwiftExample-Bridging-Header.h";
				SWIFT_OPTIMIZATION_LEVEL = "-Onone";
				SWIFT_VERSION = 4.2;
				TARGETED_DEVICE_FAMILY = "1,2";
			};
			name = Debug;
		};
		3B281C7C221462000040DB7B /* Release */ = {
			isa = XCBuildConfiguration;
			baseConfigurationReference = A84DAEB99A77B823004A6D49 /* Pods-SwiftExample.release.xcconfig */;
			buildSettings = {
				ASSETCATALOG_COMPILER_APPICON_NAME = AppIcon;
				CLANG_ENABLE_MODULES = YES;
				CODE_SIGN_STYLE = Automatic;
				INFOPLIST_FILE = SwiftExample/Info.plist;
				LD_RUNPATH_SEARCH_PATHS = (
					"$(inherited)",
					"@executable_path/Frameworks",
				);
				PRODUCT_BUNDLE_IDENTIFIER = com.Link.SwiftExample;
				PRODUCT_NAME = "$(TARGET_NAME)";
				SWIFT_OBJC_BRIDGING_HEADER = "SwiftExample/SwiftExample-Bridging-Header.h";
				SWIFT_VERSION = 4.2;
				TARGETED_DEVICE_FAMILY = "1,2";
			};
			name = Release;
		};
/* End XCBuildConfiguration section */

/* Begin XCConfigurationList section */
		3B281C63221461FF0040DB7B /* Build configuration list for PBXProject "SwiftExample" */ = {
			isa = XCConfigurationList;
			buildConfigurations = (
				3B281C78221462000040DB7B /* Debug */,
				3B281C79221462000040DB7B /* Release */,
			);
			defaultConfigurationIsVisible = 0;
			defaultConfigurationName = Release;
		};
		3B281C7A221462000040DB7B /* Build configuration list for PBXNativeTarget "SwiftExample" */ = {
			isa = XCConfigurationList;
			buildConfigurations = (
				3B281C7B221462000040DB7B /* Debug */,
				3B281C7C221462000040DB7B /* Release */,
			);
			defaultConfigurationIsVisible = 0;
			defaultConfigurationName = Release;
		};
/* End XCConfigurationList section */
	};
	rootObject = 3B281C60221461FF0040DB7B /* Project object */;
}
